
Microsoft Visual Studio Solution File, Format Version 12.00
# Visual Studio 15
VisualStudioVersion = 15.0.28307.421
MinimumVisualStudioVersion = 10.0.40219.1
Project("{FAE04EC0-301F-11D3-BF4B-00C04F79EFBC}") = "BevargeMachine", "BevargeMachine\BevargeMachine.csproj", "{50F89473-E0A9-4304-ABDB-66E7B1978F90}"
EndProject
Global
	GlobalSection(SolutionConfigurationPlatforms) = preSolution
		Debug|Any CPU = Debug|Any CPU
		Release|Any CPU = Release|Any CPU
	EndGlobalSection
	GlobalSection(ProjectConfigurationPlatforms) = postSolution
		{50F89473-E0A9-4304-ABDB-66E7B1978F90}.Debug|Any CPU.ActiveCfg = Debug|Any CPU
		{50F89473-E0A9-4304-ABDB-66E7B1978F90}.Debug|Any CPU.Build.0 = Debug|Any CPU
		{50F89473-E0A9-4304-ABDB-66E7B1978F90}.Release|Any CPU.ActiveCfg = Release|Any CPU
		{50F89473-E0A9-4304-ABDB-66E7B1978F90}.Release|Any CPU.Build.0 = Release|Any CPU
	EndGlobalSection
	GlobalSection(SolutionProperties) = preSolution
		HideSolutionNode = FALSE
	EndGlobalSection
	GlobalSection(ExtensibilityGlobals) = postSolution
		SolutionGuid = {9BD31DD9-065A-4C74-B8B3-FEEEA726EC2A}
	EndGlobalSection
EndGlobal
